
Microsoft Visual Studio Solution File, Format Version 12.00
# Visual Studio 2013
VisualStudioVersion = 12.0.40629.0
MinimumVisualStudioVersion = 10.0.40219.1
Project("{FAE04EC0-301F-11D3-BF4B-00C04F79EFBC}") = "OOB", "OOB\OOB.csproj", "{475DE6C2-1FD6-4789-932F-640B61EADCA4}"
EndProject
Project("{FAE04EC0-301F-11D3-BF4B-00C04F79EFBC}") = "DataProvInventario", "DataProvInventario\DataProvInventario.csproj", "{C4CBF6ED-952A-418E-AE53-D40B3C00A73C}"
EndProject
Project("{FAE04EC0-301F-11D3-BF4B-00C04F79EFBC}") = "LibControles", "LibControles\LibControles.csproj", "{39517E52-FD51-4CF1-9EC1-31D9B4FFB766}"
EndProject
Project("{FAE04EC0-301F-11D3-BF4B-00C04F79EFBC}") = "ModInventario", "ModInventario\ModInventario.csproj", "{B0D3E199-CAA6-455E-B4CE-62C3266CE97A}"
EndProject
Global
	GlobalSection(SolutionConfigurationPlatforms) = preSolution
		Debug|Any CPU = Debug|Any CPU
		Release|Any CPU = Release|Any CPU
	EndGlobalSection
	GlobalSection(ProjectConfigurationPlatforms) = postSolution
		{475DE6C2-1FD6-4789-932F-640B61EADCA4}.Debug|Any CPU.ActiveCfg = Debug|Any CPU
		{475DE6C2-1FD6-4789-932F-640B61EADCA4}.Debug|Any CPU.Build.0 = Debug|Any CPU
		{475DE6C2-1FD6-4789-932F-640B61EADCA4}.Release|Any CPU.ActiveCfg = Release|Any CPU
		{475DE6C2-1FD6-4789-932F-640B61EADCA4}.Release|Any CPU.Build.0 = Release|Any CPU
		{C4CBF6ED-952A-418E-AE53-D40B3C00A73C}.Debug|Any CPU.ActiveCfg = Debug|Any CPU
		{C4CBF6ED-952A-418E-AE53-D40B3C00A73C}.Debug|Any CPU.Build.0 = Debug|Any CPU
		{C4CBF6ED-952A-418E-AE53-D40B3C00A73C}.Release|Any CPU.ActiveCfg = Release|Any CPU
		{C4CBF6ED-952A-418E-AE53-D40B3C00A73C}.Release|Any CPU.Build.0 = Release|Any CPU
		{39517E52-FD51-4CF1-9EC1-31D9B4FFB766}.Debug|Any CPU.ActiveCfg = Debug|Any CPU
		{39517E52-FD51-4CF1-9EC1-31D9B4FFB766}.Debug|Any CPU.Build.0 = Debug|Any CPU
		{39517E52-FD51-4CF1-9EC1-31D9B4FFB766}.Release|Any CPU.ActiveCfg = Release|Any CPU
		{39517E52-FD51-4CF1-9EC1-31D9B4FFB766}.Release|Any CPU.Build.0 = Release|Any CPU
		{B0D3E199-CAA6-455E-B4CE-62C3266CE97A}.Debug|Any CPU.ActiveCfg = Debug|Any CPU
		{B0D3E199-CAA6-455E-B4CE-62C3266CE97A}.Debug|Any CPU.Build.0 = Debug|Any CPU
		{B0D3E199-CAA6-455E-B4CE-62C3266CE97A}.Release|Any CPU.ActiveCfg = Release|Any CPU
		{B0D3E199-CAA6-455E-B4CE-62C3266CE97A}.Release|Any CPU.Build.0 = Release|Any CPU
	EndGlobalSection
	GlobalSection(SolutionProperties) = preSolution
		HideSolutionNode = FALSE
	EndGlobalSection
EndGlobal
